
Microsoft Visual Studio Solution File, Format Version 12.00
# Visual Studio Version 17
VisualStudioVersion = 17.2.32602.215
MinimumVisualStudioVersion = 10.0.40219.1
Project("{FAE04EC0-301F-11D3-BF4B-00C04F79EFBC}") = "SpecificationPattern.Demo", "SpecificationPattern.Demo\SpecificationPattern.Demo.csproj", "{E82AE7CE-4737-43AF-B997-C74F586EFDA7}"
EndProject
Global
	GlobalSection(SolutionConfigurationPlatforms) = preSolution
		Debug|Any CPU = Debug|Any CPU
		Release|Any CPU = Release|Any CPU
	EndGlobalSection
	GlobalSection(ProjectConfigurationPlatforms) = postSolution
		{E82AE7CE-4737-43AF-B997-C74F586EFDA7}.Debug|Any CPU.ActiveCfg = Debug|Any CPU
		{E82AE7CE-4737-43AF-B997-C74F586EFDA7}.Debug|Any CPU.Build.0 = Debug|Any CPU
		{E82AE7CE-4737-43AF-B997-C74F586EFDA7}.Release|Any CPU.ActiveCfg = Release|Any CPU
		{E82AE7CE-4737-43AF-B997-C74F586EFDA7}.Release|Any CPU.Build.0 = Release|Any CPU
	EndGlobalSection
	GlobalSection(SolutionProperties) = preSolution
		HideSolutionNode = FALSE
	EndGlobalSection
	GlobalSection(ExtensibilityGlobals) = postSolution
		SolutionGuid = {9CA4C2F2-1D80-4D70-9DB8-3F2441A64C40}
	EndGlobalSection
EndGlobal
